
Microsoft Visual Studio Solution File, Format Version 12.00
# Visual Studio Version 17
VisualStudioVersion = 17.9.34714.143
MinimumVisualStudioVersion = 10.0.40219.1
Project("{FAE04EC0-301F-11D3-BF4B-00C04F79EFBC}") = "caixa de produtos", "caixa de produtos.csproj", "{D05A732C-2501-43EC-8F13-F529DAC57DF2}"
EndProject
Global
	GlobalSection(SolutionConfigurationPlatforms) = preSolution
		Debug|Any CPU = Debug|Any CPU
		Release|Any CPU = Release|Any CPU
	EndGlobalSection
	GlobalSection(ProjectConfigurationPlatforms) = postSolution
		{D05A732C-2501-43EC-8F13-F529DAC57DF2}.Debug|Any CPU.ActiveCfg = Debug|Any CPU
		{D05A732C-2501-43EC-8F13-F529DAC57DF2}.Debug|Any CPU.Build.0 = Debug|Any CPU
		{D05A732C-2501-43EC-8F13-F529DAC57DF2}.Release|Any CPU.ActiveCfg = Release|Any CPU
		{D05A732C-2501-43EC-8F13-F529DAC57DF2}.Release|Any CPU.Build.0 = Release|Any CPU
	EndGlobalSection
	GlobalSection(SolutionProperties) = preSolution
		HideSolutionNode = FALSE
	EndGlobalSection
	GlobalSection(ExtensibilityGlobals) = postSolution
		SolutionGuid = {E84A479B-1181-496F-8B2D-DAF8B725507B}
	EndGlobalSection
EndGlobal
